
Microsoft Visual Studio Solution File, Format Version 12.00
# Visual Studio 14
VisualStudioVersion = 14.0.25420.1
MinimumVisualStudioVersion = 10.0.40219.1
Project("{FAE04EC0-301F-11D3-BF4B-00C04F79EFBC}") = "Task1", "Task1\Task1.csproj", "{97DE1680-1455-4618-B41F-E748FE584BB8}"
EndProject
Project("{FAE04EC0-301F-11D3-BF4B-00C04F79EFBC}") = "Task1.CUI", "Task1.CUI\Task1.CUI.csproj", "{43B51AE6-98BF-4AC3-9624-E7E0C8B08AA0}"
EndProject
Global
	GlobalSection(SolutionConfigurationPlatforms) = preSolution
		Debug|Any CPU = Debug|Any CPU
		Release|Any CPU = Release|Any CPU
	EndGlobalSection
	GlobalSection(ProjectConfigurationPlatforms) = postSolution
		{97DE1680-1455-4618-B41F-E748FE584BB8}.Debug|Any CPU.ActiveCfg = Debug|Any CPU
		{97DE1680-1455-4618-B41F-E748FE584BB8}.Debug|Any CPU.Build.0 = Debug|Any CPU
		{97DE1680-1455-4618-B41F-E748FE584BB8}.Release|Any CPU.ActiveCfg = Release|Any CPU
		{97DE1680-1455-4618-B41F-E748FE584BB8}.Release|Any CPU.Build.0 = Release|Any CPU
		{43B51AE6-98BF-4AC3-9624-E7E0C8B08AA0}.Debug|Any CPU.ActiveCfg = Debug|Any CPU
		{43B51AE6-98BF-4AC3-9624-E7E0C8B08AA0}.Debug|Any CPU.Build.0 = Debug|Any CPU
		{43B51AE6-98BF-4AC3-9624-E7E0C8B08AA0}.Release|Any CPU.ActiveCfg = Release|Any CPU
		{43B51AE6-98BF-4AC3-9624-E7E0C8B08AA0}.Release|Any CPU.Build.0 = Release|Any CPU
	EndGlobalSection
	GlobalSection(SolutionProperties) = preSolution
		HideSolutionNode = FALSE
	EndGlobalSection
EndGlobal
